dependencies:
- name: postgresql
  repository: https://charts.bitnami.com/bitnami
  version: 14.0.1
- name: pgweb
  repository: https://charts.ectobit.com
  version: 0.1.9
digest: sha256:4c8bf2d05147bfd537a1d9ea435482a9ecc3513479d57e0a1f28f325190176a9
generated: "2024-06-17T16:15:41.061086421+08:00"
