dependencies:
- name: pgweb
  repository: https://charts.ectobit.com
  version: 0.1.9
- name: ska-db-migrations
  repository: https://artefact.skao.int/repository/helm-internal
  version: 0.9.0
digest: sha256:ef5c7402164537e3cef91ae0eaf2193c23ccb61dad7ba9e93c8a277a3a3e4352
generated: "2026-06-18T15:22:53.626449+08:00"
