dependencies:
- name: pgweb
  repository: https://charts.ectobit.com
  version: 0.1.9
- name: ska-db-migrations
  repository: https://artefact.skao.int/repository/helm-internal
  version: 0.5.1
digest: sha256:57fe01bc549cc683e50a8397d097f3d87b4a2fd8463938d2161cdc0be54c220f
generated: "2026-04-16T10:59:04.368161+08:00"
